
Microsoft Visual Studio Solution File, Format Version 12.00
# Visual Studio Version 17
VisualStudioVersion = 17.14.36408.4
MinimumVisualStudioVersion = 10.0.40219.1
Project("{FAE04EC0-301F-11D3-BF4B-00C04F79EFBC}") = "OOP_Vertiefungsarbeit01", "OOP_Vertiefungsarbeit01\OOP_Vertiefungsarbeit01.csproj", "{2AAD00B4-696F-448B-BE8C-03EF642FEB17}"
EndProject
Project("{FAE04EC0-301F-11D3-BF4B-00C04F79EFBC}") = "KlaseeCustomer", "KlaseeCustomer\KlaseeCustomer.csproj", "{F9B0B7A4-787A-4B5C-A481-8257A0FCEC54}"
EndProject
Global
	GlobalSection(SolutionConfigurationPlatforms) = preSolution
		Debug|Any CPU = Debug|Any CPU
		Release|Any CPU = Release|Any CPU
	EndGlobalSection
	GlobalSection(ProjectConfigurationPlatforms) = postSolution
		{2AAD00B4-696F-448B-BE8C-03EF642FEB17}.Debug|Any CPU.ActiveCfg = Debug|Any CPU
		{2AAD00B4-696F-448B-BE8C-03EF642FEB17}.Debug|Any CPU.Build.0 = Debug|Any CPU
		{2AAD00B4-696F-448B-BE8C-03EF642FEB17}.Release|Any CPU.ActiveCfg = Release|Any CPU
		{2AAD00B4-696F-448B-BE8C-03EF642FEB17}.Release|Any CPU.Build.0 = Release|Any CPU
		{F9B0B7A4-787A-4B5C-A481-8257A0FCEC54}.Debug|Any CPU.ActiveCfg = Debug|Any CPU
		{F9B0B7A4-787A-4B5C-A481-8257A0FCEC54}.Debug|Any CPU.Build.0 = Debug|Any CPU
		{F9B0B7A4-787A-4B5C-A481-8257A0FCEC54}.Release|Any CPU.ActiveCfg = Release|Any CPU
		{F9B0B7A4-787A-4B5C-A481-8257A0FCEC54}.Release|Any CPU.Build.0 = Release|Any CPU
	EndGlobalSection
	GlobalSection(SolutionProperties) = preSolution
		HideSolutionNode = FALSE
	EndGlobalSection
	GlobalSection(ExtensibilityGlobals) = postSolution
		SolutionGuid = {15E3704A-4901-43E9-ABB7-D09B9F9947C5}
	EndGlobalSection
EndGlobal
